
Microsoft Visual Studio Solution File, Format Version 12.00
# Visual Studio Version 17
VisualStudioVersion = 17.1.32414.318
MinimumVisualStudioVersion = 10.0.40219.1
Project("{D954291E-2A0B-460D-934E-DC6B0785DB48}") = "SharedCode", "SharedCode\SharedCode.shproj", "{E448AD36-7941-4466-A2AF-51DA55FAFDF7}"
EndProject
Project("{FAE04EC0-301F-11D3-BF4B-00C04F79EFBC}") = "EnvDTEResolver19", "EnvDTEResolver19\EnvDTEResolver19.csproj", "{6629E88B-1557-4131-A589-E9AF3A0D3A3E}"
EndProject
Project("{FAE04EC0-301F-11D3-BF4B-00C04F79EFBC}") = "EnvDTEResolver22", "EnvDTEResolver22\EnvDTEResolver22.csproj", "{5124915A-1756-4C61-8881-09DB04C8FFA4}"
EndProject
Global
	GlobalSection(SharedMSBuildProjectFiles) = preSolution
		SharedCode\SharedCode.projitems*{5124915a-1756-4c61-8881-09db04c8ffa4}*SharedItemsImports = 4
		SharedCode\SharedCode.projitems*{6629e88b-1557-4131-a589-e9af3a0d3a3e}*SharedItemsImports = 4
		SharedCode\SharedCode.projitems*{e448ad36-7941-4466-a2af-51da55fafdf7}*SharedItemsImports = 13
	EndGlobalSection
	GlobalSection(SolutionConfigurationPlatforms) = preSolution
		Debug|Any CPU = Debug|Any CPU
		Debug|x86 = Debug|x86
		Release|Any CPU = Release|Any CPU
		Release|x86 = Release|x86
	EndGlobalSection
	GlobalSection(ProjectConfigurationPlatforms) = postSolution
		{6629E88B-1557-4131-A589-E9AF3A0D3A3E}.Debug|Any CPU.ActiveCfg = Debug|Any CPU
		{6629E88B-1557-4131-A589-E9AF3A0D3A3E}.Debug|Any CPU.Build.0 = Debug|Any CPU
		{6629E88B-1557-4131-A589-E9AF3A0D3A3E}.Debug|x86.ActiveCfg = Debug|Any CPU
		{6629E88B-1557-4131-A589-E9AF3A0D3A3E}.Debug|x86.Build.0 = Debug|Any CPU
		{6629E88B-1557-4131-A589-E9AF3A0D3A3E}.Release|Any CPU.ActiveCfg = Release|Any CPU
		{6629E88B-1557-4131-A589-E9AF3A0D3A3E}.Release|Any CPU.Build.0 = Release|Any CPU
		{6629E88B-1557-4131-A589-E9AF3A0D3A3E}.Release|x86.ActiveCfg = Release|Any CPU
		{6629E88B-1557-4131-A589-E9AF3A0D3A3E}.Release|x86.Build.0 = Release|Any CPU
		{5124915A-1756-4C61-8881-09DB04C8FFA4}.Debug|Any CPU.ActiveCfg = Debug|Any CPU
		{5124915A-1756-4C61-8881-09DB04C8FFA4}.Debug|Any CPU.Build.0 = Debug|Any CPU
		{5124915A-1756-4C61-8881-09DB04C8FFA4}.Debug|x86.ActiveCfg = Debug|x86
		{5124915A-1756-4C61-8881-09DB04C8FFA4}.Debug|x86.Build.0 = Debug|x86
		{5124915A-1756-4C61-8881-09DB04C8FFA4}.Release|Any CPU.ActiveCfg = Release|Any CPU
		{5124915A-1756-4C61-8881-09DB04C8FFA4}.Release|Any CPU.Build.0 = Release|Any CPU
		{5124915A-1756-4C61-8881-09DB04C8FFA4}.Release|x86.ActiveCfg = Release|x86
		{5124915A-1756-4C61-8881-09DB04C8FFA4}.Release|x86.Build.0 = Release|x86
	EndGlobalSection
	GlobalSection(SolutionProperties) = preSolution
		HideSolutionNode = FALSE
	EndGlobalSection
	GlobalSection(ExtensibilityGlobals) = postSolution
		SolutionGuid = {C4A1B353-9A7B-4E1C-B41A-C4BC70C154D0}
	EndGlobalSection
EndGlobal
